
Microsoft Visual Studio Solution File, Format Version 12.00
# Visual Studio Version 16
VisualStudioVersion = 16.0.30114.105
MinimumVisualStudioVersion = 10.0.40219.1
Project("{FAE04EC0-301F-11D3-BF4B-00C04F79EFBC}") = "Server_App", "Server_App.csproj", "{756EAB6F-0555-42E5-B624-0624FCB4D05D}"
EndProject
Global
	GlobalSection(SolutionConfigurationPlatforms) = preSolution
		Debug|Any CPU = Debug|Any CPU
		Release|Any CPU = Release|Any CPU
	EndGlobalSection
	GlobalSection(ProjectConfigurationPlatforms) = postSolution
		{756EAB6F-0555-42E5-B624-0624FCB4D05D}.Debug|Any CPU.ActiveCfg = Debug|Any CPU
		{756EAB6F-0555-42E5-B624-0624FCB4D05D}.Debug|Any CPU.Build.0 = Debug|Any CPU
		{756EAB6F-0555-42E5-B624-0624FCB4D05D}.Release|Any CPU.ActiveCfg = Release|Any CPU
		{756EAB6F-0555-42E5-B624-0624FCB4D05D}.Release|Any CPU.Build.0 = Release|Any CPU
	EndGlobalSection
	GlobalSection(SolutionProperties) = preSolution
		HideSolutionNode = FALSE
	EndGlobalSection
	GlobalSection(ExtensibilityGlobals) = postSolution
		SolutionGuid = {8D0256AB-7EE0-498F-93F2-E3B6A67D0ECF}
	EndGlobalSection
EndGlobal
